
Microsoft Visual Studio Solution File, Format Version 12.00
# Visual Studio Version 16
VisualStudioVersion = 16.0.29509.3
MinimumVisualStudioVersion = 10.0.40219.1
Project("{FAE04EC0-301F-11D3-BF4B-00C04F79EFBC}") = "app1-1", "app1-1\app1-1.csproj", "{B21DF698-CB05-4546-AA3F-B5D7BD0749B5}"
EndProject
Project("{FAE04EC0-301F-11D3-BF4B-00C04F79EFBC}") = "tests-1-1", "tests-1-1\tests-1-1.csproj", "{F2835A04-4FF6-49F1-A97E-6B53B71E4645}"
EndProject
Global
	GlobalSection(SolutionConfigurationPlatforms) = preSolution
		Debug|Any CPU = Debug|Any CPU
		Release|Any CPU = Release|Any CPU
	EndGlobalSection
	GlobalSection(ProjectConfigurationPlatforms) = postSolution
		{B21DF698-CB05-4546-AA3F-B5D7BD0749B5}.Debug|Any CPU.ActiveCfg = Debug|Any CPU
		{B21DF698-CB05-4546-AA3F-B5D7BD0749B5}.Debug|Any CPU.Build.0 = Debug|Any CPU
		{B21DF698-CB05-4546-AA3F-B5D7BD0749B5}.Release|Any CPU.ActiveCfg = Release|Any CPU
		{B21DF698-CB05-4546-AA3F-B5D7BD0749B5}.Release|Any CPU.Build.0 = Release|Any CPU
		{F2835A04-4FF6-49F1-A97E-6B53B71E4645}.Debug|Any CPU.ActiveCfg = Debug|Any CPU
		{F2835A04-4FF6-49F1-A97E-6B53B71E4645}.Debug|Any CPU.Build.0 = Debug|Any CPU
		{F2835A04-4FF6-49F1-A97E-6B53B71E4645}.Release|Any CPU.ActiveCfg = Release|Any CPU
		{F2835A04-4FF6-49F1-A97E-6B53B71E4645}.Release|Any CPU.Build.0 = Release|Any CPU
	EndGlobalSection
	GlobalSection(SolutionProperties) = preSolution
		HideSolutionNode = FALSE
	EndGlobalSection
	GlobalSection(ExtensibilityGlobals) = postSolution
		SolutionGuid = {4FC734EC-5471-44A3-9DDA-2AAB968EEA81}
	EndGlobalSection
EndGlobal
